{
  "object": {
    "pins": [
      {
        "package": "secp256k1",
        "repositoryURL": "https://github.com/greymass/secp256k1.git",
        "state": {
          "branch": "master",
          "revision": "143b3cd70de50ae7d9eb039f80ebda4ce06b4571",
          "version": null
        }
      }
    ]
  },
  "version": 1
}
